
Microsoft Visual Studio Solution File, Format Version 12.00
# Visual Studio Version 17
VisualStudioVersion = 17.0.31903.59
MinimumVisualStudioVersion = 10.0.40219.1
Project("{2150E333-8FDC-42A3-9474-1A3956D46DE8}") = "src", "src", "{3E3036CB-67E7-41EE-B7C4-45E6F604FF76}"
EndProject
Project("{FAE04EC0-301F-11D3-BF4B-00C04F79EFBC}") = "Domain", "src\Domain\Domain.csproj", "{3DE08C2E-1F3B-40D5-AD54-29FCD0024BE5}"
EndProject
Project("{FAE04EC0-301F-11D3-BF4B-00C04F79EFBC}") = "Application", "src\Application\Application.csproj", "{4A7C5E11-9CAE-46E6-8075-FBCF25EBD80D}"
EndProject
Project("{FAE04EC0-301F-11D3-BF4B-00C04F79EFBC}") = "Infrastructure", "src\Infrastructure\Infrastructure.csproj", "{F49E601C-8637-438C-81EC-318D55D32490}"
EndProject
Project("{FAE04EC0-301F-11D3-BF4B-00C04F79EFBC}") = "WebAPI", "src\WebAPI\WebAPI.csproj", "{E636E3F5-C3F6-4A36-A98B-944C83AAD4E8}"
EndProject
Project("{FAE04EC0-301F-11D3-BF4B-00C04F79EFBC}") = "SOAPService", "src\SOAPService\SOAPService.csproj", "{C32CB4DD-4B23-48EF-A434-BC429E27D433}"
EndProject
Project("{FAE04EC0-301F-11D3-BF4B-00C04F79EFBC}") = "AdminPanel", "src\AdminPanel\AdminPanel.csproj", "{DFF69F4A-E352-46AD-94E7-BD02FC2BBA48}"
EndProject
Project("{2150E333-8FDC-42A3-9474-1A3956D46DE8}") = "tests", "tests", "{93F66BA7-5648-41A2-8681-5ADAFD88FFEA}"
EndProject
Project("{FAE04EC0-301F-11D3-BF4B-00C04F79EFBC}") = "WebAPI.Tests", "tests\WebAPI.Tests\WebAPI.Tests.csproj", "{E75D14CD-4B46-4932-9011-B2D16F1C72A6}"
EndProject
Global
	GlobalSection(SolutionConfigurationPlatforms) = preSolution
		Debug|Any CPU = Debug|Any CPU
		Release|Any CPU = Release|Any CPU
	EndGlobalSection
	GlobalSection(SolutionProperties) = preSolution
		HideSolutionNode = FALSE
	EndGlobalSection
	GlobalSection(ProjectConfigurationPlatforms) = postSolution
		{3DE08C2E-1F3B-40D5-AD54-29FCD0024BE5}.Debug|Any CPU.ActiveCfg = Debug|Any CPU
		{3DE08C2E-1F3B-40D5-AD54-29FCD0024BE5}.Debug|Any CPU.Build.0 = Debug|Any CPU
		{3DE08C2E-1F3B-40D5-AD54-29FCD0024BE5}.Release|Any CPU.ActiveCfg = Release|Any CPU
		{3DE08C2E-1F3B-40D5-AD54-29FCD0024BE5}.Release|Any CPU.Build.0 = Release|Any CPU
		{4A7C5E11-9CAE-46E6-8075-FBCF25EBD80D}.Debug|Any CPU.ActiveCfg = Debug|Any CPU
		{4A7C5E11-9CAE-46E6-8075-FBCF25EBD80D}.Debug|Any CPU.Build.0 = Debug|Any CPU
		{4A7C5E11-9CAE-46E6-8075-FBCF25EBD80D}.Release|Any CPU.ActiveCfg = Release|Any CPU
		{4A7C5E11-9CAE-46E6-8075-FBCF25EBD80D}.Release|Any CPU.Build.0 = Release|Any CPU
		{F49E601C-8637-438C-81EC-318D55D32490}.Debug|Any CPU.ActiveCfg = Debug|Any CPU
		{F49E601C-8637-438C-81EC-318D55D32490}.Debug|Any CPU.Build.0 = Debug|Any CPU
		{F49E601C-8637-438C-81EC-318D55D32490}.Release|Any CPU.ActiveCfg = Release|Any CPU
		{F49E601C-8637-438C-81EC-318D55D32490}.Release|Any CPU.Build.0 = Release|Any CPU
		{E636E3F5-C3F6-4A36-A98B-944C83AAD4E8}.Debug|Any CPU.ActiveCfg = Debug|Any CPU
		{E636E3F5-C3F6-4A36-A98B-944C83AAD4E8}.Debug|Any CPU.Build.0 = Debug|Any CPU
		{E636E3F5-C3F6-4A36-A98B-944C83AAD4E8}.Release|Any CPU.ActiveCfg = Release|Any CPU
		{E636E3F5-C3F6-4A36-A98B-944C83AAD4E8}.Release|Any CPU.Build.0 = Release|Any CPU
		{C32CB4DD-4B23-48EF-A434-BC429E27D433}.Debug|Any CPU.ActiveCfg = Debug|Any CPU
		{C32CB4DD-4B23-48EF-A434-BC429E27D433}.Debug|Any CPU.Build.0 = Debug|Any CPU
		{C32CB4DD-4B23-48EF-A434-BC429E27D433}.Release|Any CPU.ActiveCfg = Release|Any CPU
		{C32CB4DD-4B23-48EF-A434-BC429E27D433}.Release|Any CPU.Build.0 = Release|Any CPU
		{DFF69F4A-E352-46AD-94E7-BD02FC2BBA48}.Debug|Any CPU.ActiveCfg = Debug|Any CPU
		{DFF69F4A-E352-46AD-94E7-BD02FC2BBA48}.Debug|Any CPU.Build.0 = Debug|Any CPU
		{DFF69F4A-E352-46AD-94E7-BD02FC2BBA48}.Release|Any CPU.ActiveCfg = Release|Any CPU
		{DFF69F4A-E352-46AD-94E7-BD02FC2BBA48}.Release|Any CPU.Build.0 = Release|Any CPU
		{E75D14CD-4B46-4932-9011-B2D16F1C72A6}.Debug|Any CPU.ActiveCfg = Debug|Any CPU
		{E75D14CD-4B46-4932-9011-B2D16F1C72A6}.Debug|Any CPU.Build.0 = Debug|Any CPU
		{E75D14CD-4B46-4932-9011-B2D16F1C72A6}.Release|Any CPU.ActiveCfg = Release|Any CPU
		{E75D14CD-4B46-4932-9011-B2D16F1C72A6}.Release|Any CPU.Build.0 = Release|Any CPU
	EndGlobalSection
	GlobalSection(NestedProjects) = preSolution
		{3DE08C2E-1F3B-40D5-AD54-29FCD0024BE5} = {3E3036CB-67E7-41EE-B7C4-45E6F604FF76}
		{4A7C5E11-9CAE-46E6-8075-FBCF25EBD80D} = {3E3036CB-67E7-41EE-B7C4-45E6F604FF76}
		{F49E601C-8637-438C-81EC-318D55D32490} = {3E3036CB-67E7-41EE-B7C4-45E6F604FF76}
		{E636E3F5-C3F6-4A36-A98B-944C83AAD4E8} = {3E3036CB-67E7-41EE-B7C4-45E6F604FF76}
		{C32CB4DD-4B23-48EF-A434-BC429E27D433} = {3E3036CB-67E7-41EE-B7C4-45E6F604FF76}
		{DFF69F4A-E352-46AD-94E7-BD02FC2BBA48} = {3E3036CB-67E7-41EE-B7C4-45E6F604FF76}
		{E75D14CD-4B46-4932-9011-B2D16F1C72A6} = {93F66BA7-5648-41A2-8681-5ADAFD88FFEA}
	EndGlobalSection
EndGlobal
